// !$*UTF8*$!
{
	archiveVersion = 1;
	classes = {
	};
	objectVersion = 46;
	objects = {

/* Begin PBXBuildFile section */
		50DFF30B1A519FC90063DE26 /* AppDelegate.m in Sources */ = {isa = PBXBuildFile; fileRef = 50DFF2FA1A519FC90063DE26 /* AppDelegate.m */; };
		50DFF30C1A519FC90063DE26 /* LaunchScreen.xib in Resources */ = {isa = PBXBuildFile; fileRef = 50DFF2FC1A519FC90063DE26 /* LaunchScreen.xib */; };
		50DFF30D1A519FC90063DE26 /* Main.storyboard in Resources */ = {isa = PBXBuildFile; fileRef = 50DFF2FE1A519FC90063DE26 /* Main.storyboard */; };
		50DFF30E1A519FC90063DE26 /* Images.xcassets in Resources */ = {isa = PBXBuildFile; fileRef = 50DFF3001A519FC90063DE26 /* Images.xcassets */; };
		50DFF30F1A519FC90063DE26 /* Info.plist in Resources */ = {isa = PBXBuildFile; fileRef = 50DFF3011A519FC90063DE26 /* Info.plist */; };
		50DFF3101A519FC90063DE26 /* loginViewController.m in Sources */ = {isa = PBXBuildFile; fileRef = 50DFF3031A519FC90063DE26 /* loginViewController.m */; };
		50DFF3111A519FC90063DE26 /* main.m in Sources */ = {isa = PBXBuildFile; fileRef = 50DFF3041A519FC90063DE26 /* main.m */; };
		50DFF3121A519FC90063DE26 /* mainViewController.m in Sources */ = {isa = PBXBuildFile; fileRef = 50DFF3061A519FC90063DE26 /* mainViewController.m */; };
		50DFF3131A519FC90063DE26 /* signupViewController.m in Sources */ = {isa = PBXBuildFile; fileRef = 50DFF3081A519FC90063DE26 /* signupViewController.m */; };
		50DFF3141A519FC90063DE26 /* ViewController.m in Sources */ = {isa = PBXBuildFile; fileRef = 50DFF30A1A519FC90063DE26 /* ViewController.m */; };
/* End PBXBuildFile section */

/* Begin PBXFileReference section */
		50DFF2C71A5087D70063DE26 /* onboarding_ios_example.app */ = {isa = PBXFileReference; explicitFileType = wrapper.application; includeInIndex = 0; path = onboarding_ios_example.app; sourceTree = BUILT_PRODUCTS_DIR; };
		50DFF2F91A519FC90063DE26 /* AppDelegate.h */ = {isa = PBXFileReference; fileEncoding = 4; lastKnownFileType = sourcecode.c.h; name = AppDelegate.h; path = onboarding_ios_example/AppDelegate.h; sourceTree = SOURCE_ROOT; };
		50DFF2FA1A519FC90063DE26 /* AppDelegate.m */ = {isa = PBXFileReference; fileEncoding = 4; lastKnownFileType = sourcecode.c.objc; name = AppDelegate.m; path = onboarding_ios_example/AppDelegate.m; sourceTree = SOURCE_ROOT; };
		50DFF2FD1A519FC90063DE26 /* Base */ = {isa = PBXFileReference; lastKnownFileType = file.xib; name = Base; path = LaunchScreen.xib; sourceTree = "<group>"; };
		50DFF2FF1A519FC90063DE26 /* Base */ = {isa = PBXFileReference; lastKnownFileType = file.storyboard; name = Base; path = Main.storyboard; sourceTree = "<group>"; };
		50DFF3001A519FC90063DE26 /* Images.xcassets */ = {isa = PBXFileReference; lastKnownFileType = folder.assetcatalog; name = Images.xcassets; path = onboarding_ios_example/Images.xcassets; sourceTree = SOURCE_ROOT; };
		50DFF3011A519FC90063DE26 /* Info.plist */ = {isa = PBXFileReference; fileEncoding = 4; lastKnownFileType = text.plist.xml; name = Info.plist; path = onboarding_ios_example/Info.plist; sourceTree = SOURCE_ROOT; };
		50DFF3021A519FC90063DE26 /* loginViewController.h */ = {isa = PBXFileReference; fileEncoding = 4; lastKnownFileType = sourcecode.c.h; name = loginViewController.h; path = onboarding_ios_example/loginViewController.h; sourceTree = SOURCE_ROOT; };
		50DFF3031A519FC90063DE26 /* loginViewController.m */ = {isa = PBXFileReference; fileEncoding = 4; lastKnownFileType = sourcecode.c.objc; name = loginViewController.m; path = onboarding_ios_example/loginViewController.m; sourceTree = SOURCE_ROOT; };
		50DFF3041A519FC90063DE26 /* main.m */ = {isa = PBXFileReference; fileEncoding = 4; lastKnownFileType = sourcecode.c.objc; name = main.m; path = onboarding_ios_example/main.m; sourceTree = SOURCE_ROOT; };
		50DFF3051A519FC90063DE26 /* mainViewController.h */ = {isa = PBXFileReference; fileEncoding = 4; lastKnownFileType = sourcecode.c.h; name = mainViewController.h; path = onboarding_ios_example/mainViewController.h; sourceTree = SOURCE_ROOT; };
		50DFF3061A519FC90063DE26 /* mainViewController.m */ = {isa = PBXFileReference; fileEncoding = 4; lastKnownFileType = sourcecode.c.objc; name = mainViewController.m; path = onboarding_ios_example/mainViewController.m; sourceTree = SOURCE_ROOT; };
		50DFF3071A519FC90063DE26 /* signupViewController.h */ = {isa = PBXFileReference; fileEncoding = 4; lastKnownFileType = sourcecode.c.h; name = signupViewController.h; path = onboarding_ios_example/signupViewController.h; sourceTree = SOURCE_ROOT; };
		50DFF3081A519FC90063DE26 /* signupViewController.m */ = {isa = PBXFileReference; fileEncoding = 4; lastKnownFileType = sourcecode.c.objc; name = signupViewController.m; path = onboarding_ios_example/signupViewController.m; sourceTree = SOURCE_ROOT; };
		50DFF3091A519FC90063DE26 /* ViewController.h */ = {isa = PBXFileReference; fileEncoding = 4; lastKnownFileType = sourcecode.c.h; name = ViewController.h; path = onboarding_ios_example/ViewController.h; sourceTree = SOURCE_ROOT; };
		50DFF30A1A519FC90063DE26 /* ViewController.m */ = {isa = PBXFileReference; fileEncoding = 4; lastKnownFileType = sourcecode.c.objc; name = ViewController.m; path = onboarding_ios_example/ViewController.m; sourceTree = SOURCE_ROOT; };
/* End PBXFileReference section */

/* Begin PBXFrameworksBuildPhase section */
		50DFF2C41A5087D70063DE26 /* Frameworks */ = {
			isa = PBXFrameworksBuildPhase;
			buildActionMask = 2147483647;
			files = (
			);
			runOnlyForDeploymentPostprocessing = 0;
		};
/* End PBXFrameworksBuildPhase section */

/* Begin PBXGroup section */
		50DFF2BE1A5087D70063DE26 = {
			isa = PBXGroup;
			children = (
				50DFF2C91A5087D70063DE26 /* onboarding_ios_example */,
				50DFF2C81A5087D70063DE26 /* Products */,
			);
			sourceTree = "<group>";
		};
		50DFF2C81A5087D70063DE26 /* Products */ = {
			isa = PBXGroup;
			children = (
				50DFF2C71A5087D70063DE26 /* onboarding_ios_example.app */,
			);
			name = Products;
			sourceTree = "<group>";
		};
		50DFF2C91A5087D70063DE26 /* onboarding_ios_example */ = {
			isa = PBXGroup;
			children = (
				50DFF2F91A519FC90063DE26 /* AppDelegate.h */,
				50DFF2FA1A519FC90063DE26 /* AppDelegate.m */,
				50DFF2FB1A519FC90063DE26 /* Base.lproj */,
				50DFF3001A519FC90063DE26 /* Images.xcassets */,
				50DFF3011A519FC90063DE26 /* Info.plist */,
				50DFF3021A519FC90063DE26 /* loginViewController.h */,
				50DFF3031A519FC90063DE26 /* loginViewController.m */,
				50DFF3041A519FC90063DE26 /* main.m */,
				50DFF3051A519FC90063DE26 /* mainViewController.h */,
				50DFF3061A519FC90063DE26 /* mainViewController.m */,
				50DFF3071A519FC90063DE26 /* signupViewController.h */,
				50DFF3081A519FC90063DE26 /* signupViewController.m */,
				50DFF3091A519FC90063DE26 /* ViewController.h */,
				50DFF30A1A519FC90063DE26 /* ViewController.m */,
			);
			name = onboarding_ios_example;
			path = test_container;
			sourceTree = "<group>";
		};
		50DFF2FB1A519FC90063DE26 /* Base.lproj */ = {
			isa = PBXGroup;
			children = (
				50DFF2FC1A519FC90063DE26 /* LaunchScreen.xib */,
				50DFF2FE1A519FC90063DE26 /* Main.storyboard */,
			);
			name = Base.lproj;
			path = onboarding_ios_example/Base.lproj;
			sourceTree = SOURCE_ROOT;
		};
/* End PBXGroup section */

/* Begin PBXNativeTarget section */
		50DFF2C61A5087D70063DE26 /* onboarding_ios_example */ = {
			isa = PBXNativeTarget;
			buildConfigurationList = 50DFF2EA1A5087D70063DE26 /* Build configuration list for PBXNativeTarget "onboarding_ios_example" */;
			buildPhases = (
				50DFF2C31A5087D70063DE26 /* Sources */,
				50DFF2C41A5087D70063DE26 /* Frameworks */,
				50DFF2C51A5087D70063DE26 /* Resources */,
			);
			buildRules = (
			);
			dependencies = (
			);
			name = onboarding_ios_example;
			productName = test_container;
			productReference = 50DFF2C71A5087D70063DE26 /* onboarding_ios_example.app */;
			productType = "com.apple.product-type.application";
		};
/* End PBXNativeTarget section */

/* Begin PBXProject section */
		50DFF2BF1A5087D70063DE26 /* Project object */ = {
			isa = PBXProject;
			attributes = {
				LastUpgradeCheck = 0610;
				ORGANIZATIONNAME = spark;
				TargetAttributes = {
					50DFF2C61A5087D70063DE26 = {
						CreatedOnToolsVersion = 6.1.1;
					};
				};
			};
			buildConfigurationList = 50DFF2C21A5087D70063DE26 /* Build configuration list for PBXProject "onboarding_ios_example" */;
			compatibilityVersion = "Xcode 3.2";
			developmentRegion = English;
			hasScannedForEncodings = 0;
			knownRegions = (
				en,
				Base,
			);
			mainGroup = 50DFF2BE1A5087D70063DE26;
			productRefGroup = 50DFF2C81A5087D70063DE26 /* Products */;
			projectDirPath = "";
			projectRoot = "";
			targets = (
				50DFF2C61A5087D70063DE26 /* onboarding_ios_example */,
			);
		};
/* End PBXProject section */

/* Begin PBXResourcesBuildPhase section */
		50DFF2C51A5087D70063DE26 /* Resources */ = {
			isa = PBXResourcesBuildPhase;
			buildActionMask = 2147483647;
			files = (
				50DFF30F1A519FC90063DE26 /* Info.plist in Resources */,
				50DFF30E1A519FC90063DE26 /* Images.xcassets in Resources */,
				50DFF30C1A519FC90063DE26 /* LaunchScreen.xib in Resources */,
				50DFF30D1A519FC90063DE26 /* Main.storyboard in Resources */,
			);
			runOnlyForDeploymentPostprocessing = 0;
		};
/* End PBXResourcesBuildPhase section */

/* Begin PBXSourcesBuildPhase section */
		50DFF2C31A5087D70063DE26 /* Sources */ = {
			isa = PBXSourcesBuildPhase;
			buildActionMask = 2147483647;
			files = (
				50DFF3141A519FC90063DE26 /* ViewController.m in Sources */,
				50DFF3101A519FC90063DE26 /* loginViewController.m in Sources */,
				50DFF3111A519FC90063DE26 /* main.m in Sources */,
				50DFF30B1A519FC90063DE26 /* AppDelegate.m in Sources */,
				50DFF3131A519FC90063DE26 /* signupViewController.m in Sources */,
				50DFF3121A519FC90063DE26 /* mainViewController.m in Sources */,
			);
			runOnlyForDeploymentPostprocessing = 0;
		};
/* End PBXSourcesBuildPhase section */

/* Begin PBXVariantGroup section */
		50DFF2FC1A519FC90063DE26 /* LaunchScreen.xib */ = {
			isa = PBXVariantGroup;
			children = (
				50DFF2FD1A519FC90063DE26 /* Base */,
			);
			name = LaunchScreen.xib;
			sourceTree = "<group>";
		};
		50DFF2FE1A519FC90063DE26 /* Main.storyboard */ = {
			isa = PBXVariantGroup;
			children = (
				50DFF2FF1A519FC90063DE26 /* Base */,
			);
			name = Main.storyboard;
			sourceTree = "<group>";
		};
/* End PBXVariantGroup section */

/* Begin XCBuildConfiguration section */
		50DFF2E81A5087D70063DE26 /* Debug */ = {
			isa = XCBuildConfiguration;
			buildSettings = {
				ALWAYS_SEARCH_USER_PATHS = NO;
				CLANG_CXX_LANGUAGE_STANDARD = "gnu++0x";
				CLANG_CXX_LIBRARY = "libc++";
				CLANG_ENABLE_MODULES = YES;
				CLANG_ENABLE_OBJC_ARC = YES;
				CLANG_WARN_BOOL_CONVERSION = YES;
				CLANG_WARN_CONSTANT_CONVERSION = YES;
				CLANG_WARN_DIRECT_OBJC_ISA_USAGE = YES_ERROR;
				CLANG_WARN_EMPTY_BODY = YES;
				CLANG_WARN_ENUM_CONVERSION = YES;
				CLANG_WARN_INT_CONVERSION = YES;
				CLANG_WARN_OBJC_ROOT_CLASS = YES_ERROR;
				CLANG_WARN_UNREACHABLE_CODE = YES;
				CLANG_WARN__DUPLICATE_METHOD_MATCH = YES;
				"CODE_SIGN_IDENTITY[sdk=iphoneos*]" = "iPhone Developer";
				COPY_PHASE_STRIP = NO;
				ENABLE_STRICT_OBJC_MSGSEND = YES;
				GCC_C_LANGUAGE_STANDARD = gnu99;
				GCC_DYNAMIC_NO_PIC = NO;
				GCC_OPTIMIZATION_LEVEL = 0;
				GCC_PREPROCESSOR_DEFINITIONS = (
					"DEBUG=1",
					"$(inherited)",
				);
				GCC_SYMBOLS_PRIVATE_EXTERN = NO;
				GCC_WARN_64_TO_32_BIT_CONVERSION = YES;
				GCC_WARN_ABOUT_RETURN_TYPE = YES_ERROR;
				GCC_WARN_UNDECLARED_SELECTOR = YES;
				GCC_WARN_UNINITIALIZED_AUTOS = YES_AGGRESSIVE;
				GCC_WARN_UNUSED_FUNCTION = YES;
				GCC_WARN_UNUSED_VARIABLE = YES;
				IPHONEOS_DEPLOYMENT_TARGET = 8.1;
				MTL_ENABLE_DEBUG_INFO = YES;
				ONLY_ACTIVE_ARCH = YES;
				SDKROOT = iphoneos;
			};
			name = Debug;
		};
		50DFF2E91A5087D70063DE26 /* Release */ = {
			isa = XCBuildConfiguration;
			buildSettings = {
				ALWAYS_SEARCH_USER_PATHS = NO;
				CLANG_CXX_LANGUAGE_STANDARD = "gnu++0x";
				CLANG_CXX_LIBRARY = "libc++";
				CLANG_ENABLE_MODULES = YES;
				CLANG_ENABLE_OBJC_ARC = YES;
				CLANG_WARN_BOOL_CONVERSION = YES;
				CLANG_WARN_CONSTANT_CONVERSION = YES;
				CLANG_WARN_DIRECT_OBJC_ISA_USAGE = YES_ERROR;
				CLANG_WARN_EMPTY_BODY = YES;
				CLANG_WARN_ENUM_CONVERSION = YES;
				CLANG_WARN_INT_CONVERSION = YES;
				CLANG_WARN_OBJC_ROOT_CLASS = YES_ERROR;
				CLANG_WARN_UNREACHABLE_CODE = YES;
				CLANG_WARN__DUPLICATE_METHOD_MATCH = YES;
				"CODE_SIGN_IDENTITY[sdk=iphoneos*]" = "iPhone Developer";
				COPY_PHASE_STRIP = YES;
				ENABLE_NS_ASSERTIONS = NO;
				ENABLE_STRICT_OBJC_MSGSEND = YES;
				GCC_C_LANGUAGE_STANDARD = gnu99;
				GCC_WARN_64_TO_32_BIT_CONVERSION = YES;
				GCC_WARN_ABOUT_RETURN_TYPE = YES_ERROR;
				GCC_WARN_UNDECLARED_SELECTOR = YES;
				GCC_WARN_UNINITIALIZED_AUTOS = YES_AGGRESSIVE;
				GCC_WARN_UNUSED_FUNCTION = YES;
				GCC_WARN_UNUSED_VARIABLE = YES;
				IPHONEOS_DEPLOYMENT_TARGET = 8.1;
				MTL_ENABLE_DEBUG_INFO = NO;
				SDKROOT = iphoneos;
				VALIDATE_PRODUCT = YES;
			};
			name = Release;
		};
		50DFF2EB1A5087D70063DE26 /* Debug */ = {
			isa = XCBuildConfiguration;
			buildSettings = {
				ASSETCATALOG_COMPILER_APPICON_NAME = AppIcon;
				INFOPLIST_FILE = onboarding_ios_example/Info.plist;
				LD_RUNPATH_SEARCH_PATHS = "$(inherited) @executable_path/Frameworks";
				PRODUCT_NAME = onboarding_ios_example;
			};
			name = Debug;
		};
		50DFF2EC1A5087D70063DE26 /* Release */ = {
			isa = XCBuildConfiguration;
			buildSettings = {
				ASSETCATALOG_COMPILER_APPICON_NAME = AppIcon;
				INFOPLIST_FILE = onboarding_ios_example/Info.plist;
				LD_RUNPATH_SEARCH_PATHS = "$(inherited) @executable_path/Frameworks";
				PRODUCT_NAME = onboarding_ios_example;
			};
			name = Release;
		};
/* End XCBuildConfiguration section */

/* Begin XCConfigurationList section */
		50DFF2C21A5087D70063DE26 /* Build configuration list for PBXProject "onboarding_ios_example" */ = {
			isa = XCConfigurationList;
			buildConfigurations = (
				50DFF2E81A5087D70063DE26 /* Debug */,
				50DFF2E91A5087D70063DE26 /* Release */,
			);
			defaultConfigurationIsVisible = 0;
			defaultConfigurationName = Release;
		};
		50DFF2EA1A5087D70063DE26 /* Build configuration list for PBXNativeTarget "onboarding_ios_example" */ = {
			isa = XCConfigurationList;
			buildConfigurations = (
				50DFF2EB1A5087D70063DE26 /* Debug */,
				50DFF2EC1A5087D70063DE26 /* Release */,
			);
			defaultConfigurationIsVisible = 0;
			defaultConfigurationName = Release;
		};
/* End XCConfigurationList section */
	};
	rootObject = 50DFF2BF1A5087D70063DE26 /* Project object */;
}
